
Microsoft Visual Studio Solution File, Format Version 12.00
# Visual Studio Version 17
VisualStudioVersion = 17.1.32210.238
MinimumVisualStudioVersion = 10.0.40219.1
Project("{FAE04EC0-301F-11D3-BF4B-00C04F79EFBC}") = "beneficiarios_dif_api", "beneficiarios_dif_api\beneficiarios_dif_api.csproj", "{022F7F54-F0B5-418F-AE36-75523FED0E6A}"
EndProject
Global
	GlobalSection(SolutionConfigurationPlatforms) = preSolution
		Debug|Any CPU = Debug|Any CPU
		Release|Any CPU = Release|Any CPU
	EndGlobalSection
	GlobalSection(ProjectConfigurationPlatforms) = postSolution
		{022F7F54-F0B5-418F-AE36-75523FED0E6A}.Debug|Any CPU.ActiveCfg = Debug|Any CPU
		{022F7F54-F0B5-418F-AE36-75523FED0E6A}.Debug|Any CPU.Build.0 = Debug|Any CPU
		{022F7F54-F0B5-418F-AE36-75523FED0E6A}.Release|Any CPU.ActiveCfg = Release|Any CPU
		{022F7F54-F0B5-418F-AE36-75523FED0E6A}.Release|Any CPU.Build.0 = Release|Any CPU
	EndGlobalSection
	GlobalSection(SolutionProperties) = preSolution
		HideSolutionNode = FALSE
	EndGlobalSection
	GlobalSection(ExtensibilityGlobals) = postSolution
		SolutionGuid = {CE34F907-1883-447E-AE5D-04CA5AA8A9FE}
	EndGlobalSection
EndGlobal
